# @generated - this file is auto-generated by `mise lock` https://mise.en.dev/dev-tools/mise-lock.html

[[tools."cargo:probe-rs-tools"]]
version = "0.31.0"
backend = "cargo:probe-rs-tools"

[[tools."github:raspberrypi/pico-sdk-tools"]]
version = "2.2.0-3"
backend = "github:raspberrypi/pico-sdk-tools"

[tools."github:raspberrypi/pico-sdk-tools".options]
matching = "picotool"

[tools."github:raspberrypi/pico-sdk-tools"."platforms.linux-arm64"]
checksum = "sha256:c77292acc4c5b22f6b1b80ee9e4c4c176e98d77f152eaaa5996c0818d6bbfb9f"
url = "https://github.com/raspberrypi/pico-sdk-tools/releases/download/v2.2.0-3/picotool-2.2.0-a4-aarch64-lin.tar.gz"
url_api = "https://api.github.com/repos/raspberrypi/pico-sdk-tools/releases/assets/302343138"

[tools."github:raspberrypi/pico-sdk-tools"."platforms.linux-arm64-musl"]
checksum = "sha256:c77292acc4c5b22f6b1b80ee9e4c4c176e98d77f152eaaa5996c0818d6bbfb9f"
url = "https://github.com/raspberrypi/pico-sdk-tools/releases/download/v2.2.0-3/picotool-2.2.0-a4-aarch64-lin.tar.gz"
url_api = "https://api.github.com/repos/raspberrypi/pico-sdk-tools/releases/assets/302343138"

[tools."github:raspberrypi/pico-sdk-tools"."platforms.linux-x64"]
checksum = "sha256:f4a6784fbb862520b797bfb3302c5b94f47664692d85d03c0a7fbee98065568d"
url = "https://github.com/raspberrypi/pico-sdk-tools/releases/download/v2.2.0-3/picotool-2.2.0-a4-x86_64-lin.tar.gz"
url_api = "https://api.github.com/repos/raspberrypi/pico-sdk-tools/releases/assets/302331690"

[tools."github:raspberrypi/pico-sdk-tools"."platforms.linux-x64-musl"]
checksum = "sha256:f4a6784fbb862520b797bfb3302c5b94f47664692d85d03c0a7fbee98065568d"
url = "https://github.com/raspberrypi/pico-sdk-tools/releases/download/v2.2.0-3/picotool-2.2.0-a4-x86_64-lin.tar.gz"
url_api = "https://api.github.com/repos/raspberrypi/pico-sdk-tools/releases/assets/302331690"

[tools."github:raspberrypi/pico-sdk-tools"."platforms.macos-arm64"]
checksum = "sha256:06dc51c9a187b1f20c159dec754777416d88b06190d248b7b00e8e17432cd782"
url = "https://github.com/raspberrypi/pico-sdk-tools/releases/download/v2.2.0-3/picotool-2.2.0-a4-mac.zip"
url_api = "https://api.github.com/repos/raspberrypi/pico-sdk-tools/releases/assets/302382615"

[tools."github:raspberrypi/pico-sdk-tools"."platforms.macos-x64"]
checksum = "sha256:06dc51c9a187b1f20c159dec754777416d88b06190d248b7b00e8e17432cd782"
url = "https://github.com/raspberrypi/pico-sdk-tools/releases/download/v2.2.0-3/picotool-2.2.0-a4-mac.zip"
url_api = "https://api.github.com/repos/raspberrypi/pico-sdk-tools/releases/assets/302382615"

[tools."github:raspberrypi/pico-sdk-tools"."platforms.windows-x64"]
checksum = "sha256:a14d1088deaaed9bb84591e4aa9fa109e60c2a8b4218b9d10556cb1209fff622"
url = "https://github.com/raspberrypi/pico-sdk-tools/releases/download/v2.2.0-3/picotool-2.2.0-a4-x64-win.zip"
url_api = "https://api.github.com/repos/raspberrypi/pico-sdk-tools/releases/assets/302359829"

[[tools.rust]]
version = "1.92.0"
backend = "core:rust"

[tools.rust.options]
targets = "thumbv8m.main-none-eabihf"
